
Microsoft Visual Studio Solution File, Format Version 12.00
# Visual Studio Version 16
VisualStudioVersion = 16.0.31402.337
MinimumVisualStudioVersion = 10.0.40219.1
Project("{FAE04EC0-301F-11D3-BF4B-00C04F79EFBC}") = "CreditoNeg", "CreditoNeg\CreditoNeg.csproj", "{0B4D7A3A-D077-4BF4-9A41-7AEAABF6DEAD}"
EndProject
Project("{FAE04EC0-301F-11D3-BF4B-00C04F79EFBC}") = "WebApplication", "WebApplication\WebApplication.csproj", "{3C4EB181-C2C2-488A-8443-ED4DE06D2C5E}"
EndProject
Project("{FAE04EC0-301F-11D3-BF4B-00C04F79EFBC}") = "WebApi", "WebApi\WebApi.csproj", "{C17CF84B-4BA3-4852-870C-B83D3B173FD0}"
EndProject
Global
	GlobalSection(SolutionConfigurationPlatforms) = preSolution
		Debug|Any CPU = Debug|Any CPU
		Release|Any CPU = Release|Any CPU
	EndGlobalSection
	GlobalSection(ProjectConfigurationPlatforms) = postSolution
		{0B4D7A3A-D077-4BF4-9A41-7AEAABF6DEAD}.Debug|Any CPU.ActiveCfg = Debug|Any CPU
		{0B4D7A3A-D077-4BF4-9A41-7AEAABF6DEAD}.Debug|Any CPU.Build.0 = Debug|Any CPU
		{0B4D7A3A-D077-4BF4-9A41-7AEAABF6DEAD}.Release|Any CPU.ActiveCfg = Release|Any CPU
		{0B4D7A3A-D077-4BF4-9A41-7AEAABF6DEAD}.Release|Any CPU.Build.0 = Release|Any CPU
		{3C4EB181-C2C2-488A-8443-ED4DE06D2C5E}.Debug|Any CPU.ActiveCfg = Debug|Any CPU
		{3C4EB181-C2C2-488A-8443-ED4DE06D2C5E}.Debug|Any CPU.Build.0 = Debug|Any CPU
		{3C4EB181-C2C2-488A-8443-ED4DE06D2C5E}.Release|Any CPU.ActiveCfg = Release|Any CPU
		{3C4EB181-C2C2-488A-8443-ED4DE06D2C5E}.Release|Any CPU.Build.0 = Release|Any CPU
		{C17CF84B-4BA3-4852-870C-B83D3B173FD0}.Debug|Any CPU.ActiveCfg = Debug|Any CPU
		{C17CF84B-4BA3-4852-870C-B83D3B173FD0}.Debug|Any CPU.Build.0 = Debug|Any CPU
		{C17CF84B-4BA3-4852-870C-B83D3B173FD0}.Release|Any CPU.ActiveCfg = Release|Any CPU
		{C17CF84B-4BA3-4852-870C-B83D3B173FD0}.Release|Any CPU.Build.0 = Release|Any CPU
	EndGlobalSection
	GlobalSection(SolutionProperties) = preSolution
		HideSolutionNode = FALSE
	EndGlobalSection
	GlobalSection(ExtensibilityGlobals) = postSolution
		SolutionGuid = {3BDA2428-1F76-4691-BA0B-5C409B789DA6}
	EndGlobalSection
EndGlobal
